
Microsoft Visual Studio Solution File, Format Version 12.00
# Visual Studio Version 17
VisualStudioVersion = 17.7.34221.43
MinimumVisualStudioVersion = 10.0.40219.1
Project("{FAE04EC0-301F-11D3-BF4B-00C04F79EFBC}") = "CarDealership", "CarDealershipTSPPrj\CarDealership.csproj", "{FDB85378-893D-46FD-880D-255124096B6B}"
EndProject
Global
	GlobalSection(SolutionConfigurationPlatforms) = preSolution
		Debug|Any CPU = Debug|Any CPU
		Release|Any CPU = Release|Any CPU
	EndGlobalSection
	GlobalSection(ProjectConfigurationPlatforms) = postSolution
		{FDB85378-893D-46FD-880D-255124096B6B}.Debug|Any CPU.ActiveCfg = Debug|Any CPU
		{FDB85378-893D-46FD-880D-255124096B6B}.Debug|Any CPU.Build.0 = Debug|Any CPU
		{FDB85378-893D-46FD-880D-255124096B6B}.Release|Any CPU.ActiveCfg = Release|Any CPU
		{FDB85378-893D-46FD-880D-255124096B6B}.Release|Any CPU.Build.0 = Release|Any CPU
	EndGlobalSection
	GlobalSection(SolutionProperties) = preSolution
		HideSolutionNode = FALSE
	EndGlobalSection
	GlobalSection(ExtensibilityGlobals) = postSolution
		SolutionGuid = {B54E1B4A-7D65-4F5F-AB76-608231036971}
	EndGlobalSection
EndGlobal
